
Microsoft Visual Studio Solution File, Format Version 12.00
Project("{FAE04EC0-301F-11D3-BF4B-00C04F79EFBC}") = "PlaywrightDemo", "PlaywrightDemo\PlaywrightDemo.csproj", "{86F0659B-D02C-4904-83D1-544BE50F5690}"
EndProject
Global
	GlobalSection(SolutionConfigurationPlatforms) = preSolution
		Debug|Any CPU = Debug|Any CPU
		Release|Any CPU = Release|Any CPU
	EndGlobalSection
	GlobalSection(ProjectConfigurationPlatforms) = postSolution
		{86F0659B-D02C-4904-83D1-544BE50F5690}.Debug|Any CPU.ActiveCfg = Debug|Any CPU
		{86F0659B-D02C-4904-83D1-544BE50F5690}.Debug|Any CPU.Build.0 = Debug|Any CPU
		{86F0659B-D02C-4904-83D1-544BE50F5690}.Release|Any CPU.ActiveCfg = Release|Any CPU
		{86F0659B-D02C-4904-83D1-544BE50F5690}.Release|Any CPU.Build.0 = Release|Any CPU
	EndGlobalSection
EndGlobal
